
Microsoft Visual Studio Solution File, Format Version 12.00
# Visual Studio Version 16
VisualStudioVersion = 16.0.32228.343
MinimumVisualStudioVersion = 10.0.40219.1
Project("{FAE04EC0-301F-11D3-BF4B-00C04F79EFBC}") = "CMV", "CMV\CMV.csproj", "{6ACC4691-5083-4B86-BEAB-731219025123}"
EndProject
Global
	GlobalSection(SolutionConfigurationPlatforms) = preSolution
		Debug|Any CPU = Debug|Any CPU
		Release|Any CPU = Release|Any CPU
	EndGlobalSection
	GlobalSection(ProjectConfigurationPlatforms) = postSolution
		{6ACC4691-5083-4B86-BEAB-731219025123}.Debug|Any CPU.ActiveCfg = Debug|Any CPU
		{6ACC4691-5083-4B86-BEAB-731219025123}.Debug|Any CPU.Build.0 = Debug|Any CPU
		{6ACC4691-5083-4B86-BEAB-731219025123}.Release|Any CPU.ActiveCfg = Release|Any CPU
		{6ACC4691-5083-4B86-BEAB-731219025123}.Release|Any CPU.Build.0 = Release|Any CPU
	EndGlobalSection
	GlobalSection(SolutionProperties) = preSolution
		HideSolutionNode = FALSE
	EndGlobalSection
	GlobalSection(ExtensibilityGlobals) = postSolution
		SolutionGuid = {6C67508C-F54C-4085-8D9A-2F4170F36A4C}
	EndGlobalSection
EndGlobal
